
Microsoft Visual Studio Solution File, Format Version 12.00
# Visual Studio Version 17
VisualStudioVersion = 17.0.31919.166
MinimumVisualStudioVersion = 10.0.40219.1
Project("{2150E333-8FDC-42A3-9474-1A3956D46DE8}") = "Document", "Document", "{3DEEA9C7-A5D5-47B9-9F9D-AB3745FFB6DA}"
EndProject
Project("{2150E333-8FDC-42A3-9474-1A3956D46DE8}") = "Source", "Source", "{07BAEAA2-4CAF-423F-A391-319351CA2414}"
EndProject
Project("{2150E333-8FDC-42A3-9474-1A3956D46DE8}") = "Test", "Test", "{EEE47E31-8C9C-4E02-B5F5-3602AD5EF0D8}"
EndProject
Project("{2150E333-8FDC-42A3-9474-1A3956D46DE8}") = "Core", "Core", "{0C1F0AFE-DAC7-4186-8BBE-B6912054D134}"
EndProject
Project("{2150E333-8FDC-42A3-9474-1A3956D46DE8}") = "Infrastructure", "Infrastructure", "{75FE07AA-F030-40B4-A306-263C971B1CC9}"
EndProject
Project("{2150E333-8FDC-42A3-9474-1A3956D46DE8}") = "Common", "Common", "{92DCB128-EBD3-4C34-9F96-15113240BC06}"
EndProject
Project("{2150E333-8FDC-42A3-9474-1A3956D46DE8}") = "Presentation", "Presentation", "{86E4B2B6-A8BC-423C-811E-4C1B472DB8C1}"
EndProject
Project("{FAE04EC0-301F-11D3-BF4B-00C04F79EFBC}") = "Store.Domain", "Store.Domain\Store.Domain.csproj", "{D92042B7-FF10-4005-8C71-80FA961A5538}"
EndProject
Project("{FAE04EC0-301F-11D3-BF4B-00C04F79EFBC}") = "Store.Application", "Store.Application\Store.Application.csproj", "{6CFEDCA2-C796-4284-B9AA-8D66B93B2611}"
EndProject
Project("{FAE04EC0-301F-11D3-BF4B-00C04F79EFBC}") = "Store.Persistance", "Store.Persistance\Store.Persistance.csproj", "{F749D395-09DF-47F9-A16E-41207E669367}"
EndProject
Project("{FAE04EC0-301F-11D3-BF4B-00C04F79EFBC}") = "Store.Infrastructure", "Store.Infrastructure\Store.Infrastructure.csproj", "{5B562362-81E1-4D89-A87E-170E8132A6B6}"
EndProject
Project("{FAE04EC0-301F-11D3-BF4B-00C04F79EFBC}") = "Store.Common", "Store.Common\Store.Common.csproj", "{DB5D7CF2-408B-4314-8B9D-C62FA163A313}"
EndProject
Project("{FAE04EC0-301F-11D3-BF4B-00C04F79EFBC}") = "Store.Web", "Store.Web\Store.Web.csproj", "{768E74C7-036C-4228-AF77-42211826389A}"
EndProject
Global
	GlobalSection(SolutionConfigurationPlatforms) = preSolution
		Debug|Any CPU = Debug|Any CPU
		Release|Any CPU = Release|Any CPU
	EndGlobalSection
	GlobalSection(ProjectConfigurationPlatforms) = postSolution
		{D92042B7-FF10-4005-8C71-80FA961A5538}.Debug|Any CPU.ActiveCfg = Debug|Any CPU
		{D92042B7-FF10-4005-8C71-80FA961A5538}.Debug|Any CPU.Build.0 = Debug|Any CPU
		{D92042B7-FF10-4005-8C71-80FA961A5538}.Release|Any CPU.ActiveCfg = Release|Any CPU
		{D92042B7-FF10-4005-8C71-80FA961A5538}.Release|Any CPU.Build.0 = Release|Any CPU
		{6CFEDCA2-C796-4284-B9AA-8D66B93B2611}.Debug|Any CPU.ActiveCfg = Debug|Any CPU
		{6CFEDCA2-C796-4284-B9AA-8D66B93B2611}.Debug|Any CPU.Build.0 = Debug|Any CPU
		{6CFEDCA2-C796-4284-B9AA-8D66B93B2611}.Release|Any CPU.ActiveCfg = Release|Any CPU
		{6CFEDCA2-C796-4284-B9AA-8D66B93B2611}.Release|Any CPU.Build.0 = Release|Any CPU
		{F749D395-09DF-47F9-A16E-41207E669367}.Debug|Any CPU.ActiveCfg = Debug|Any CPU
		{F749D395-09DF-47F9-A16E-41207E669367}.Debug|Any CPU.Build.0 = Debug|Any CPU
		{F749D395-09DF-47F9-A16E-41207E669367}.Release|Any CPU.ActiveCfg = Release|Any CPU
		{F749D395-09DF-47F9-A16E-41207E669367}.Release|Any CPU.Build.0 = Release|Any CPU
		{5B562362-81E1-4D89-A87E-170E8132A6B6}.Debug|Any CPU.ActiveCfg = Debug|Any CPU
		{5B562362-81E1-4D89-A87E-170E8132A6B6}.Debug|Any CPU.Build.0 = Debug|Any CPU
		{5B562362-81E1-4D89-A87E-170E8132A6B6}.Release|Any CPU.ActiveCfg = Release|Any CPU
		{5B562362-81E1-4D89-A87E-170E8132A6B6}.Release|Any CPU.Build.0 = Release|Any CPU
		{DB5D7CF2-408B-4314-8B9D-C62FA163A313}.Debug|Any CPU.ActiveCfg = Debug|Any CPU
		{DB5D7CF2-408B-4314-8B9D-C62FA163A313}.Debug|Any CPU.Build.0 = Debug|Any CPU
		{DB5D7CF2-408B-4314-8B9D-C62FA163A313}.Release|Any CPU.ActiveCfg = Release|Any CPU
		{DB5D7CF2-408B-4314-8B9D-C62FA163A313}.Release|Any CPU.Build.0 = Release|Any CPU
		{768E74C7-036C-4228-AF77-42211826389A}.Debug|Any CPU.ActiveCfg = Debug|Any CPU
		{768E74C7-036C-4228-AF77-42211826389A}.Debug|Any CPU.Build.0 = Debug|Any CPU
		{768E74C7-036C-4228-AF77-42211826389A}.Release|Any CPU.ActiveCfg = Release|Any CPU
		{768E74C7-036C-4228-AF77-42211826389A}.Release|Any CPU.Build.0 = Release|Any CPU
	EndGlobalSection
	GlobalSection(SolutionProperties) = preSolution
		HideSolutionNode = FALSE
	EndGlobalSection
	GlobalSection(NestedProjects) = preSolution
		{0C1F0AFE-DAC7-4186-8BBE-B6912054D134} = {07BAEAA2-4CAF-423F-A391-319351CA2414}
		{75FE07AA-F030-40B4-A306-263C971B1CC9} = {07BAEAA2-4CAF-423F-A391-319351CA2414}
		{92DCB128-EBD3-4C34-9F96-15113240BC06} = {07BAEAA2-4CAF-423F-A391-319351CA2414}
		{86E4B2B6-A8BC-423C-811E-4C1B472DB8C1} = {07BAEAA2-4CAF-423F-A391-319351CA2414}
		{D92042B7-FF10-4005-8C71-80FA961A5538} = {0C1F0AFE-DAC7-4186-8BBE-B6912054D134}
		{6CFEDCA2-C796-4284-B9AA-8D66B93B2611} = {0C1F0AFE-DAC7-4186-8BBE-B6912054D134}
		{F749D395-09DF-47F9-A16E-41207E669367} = {75FE07AA-F030-40B4-A306-263C971B1CC9}
		{5B562362-81E1-4D89-A87E-170E8132A6B6} = {75FE07AA-F030-40B4-A306-263C971B1CC9}
		{DB5D7CF2-408B-4314-8B9D-C62FA163A313} = {92DCB128-EBD3-4C34-9F96-15113240BC06}
		{768E74C7-036C-4228-AF77-42211826389A} = {86E4B2B6-A8BC-423C-811E-4C1B472DB8C1}
	EndGlobalSection
	GlobalSection(ExtensibilityGlobals) = postSolution
		SolutionGuid = {FD05377A-6DB4-47ED-94EC-60E965C3DC5B}
	EndGlobalSection
EndGlobal
